
Microsoft Visual Studio Solution File, Format Version 12.00
# Visual Studio Version 16
VisualStudioVersion = 16.0.30309.148
MinimumVisualStudioVersion = 10.0.40219.1
Project("{9A19103F-16F7-4668-BE54-9A1E7A4F7556}") = "Winstreak.Cli", "Winstreak.Cli\Winstreak.Cli.csproj", "{FAED5C9B-C4D6-4D7F-9BCE-9175DA0C9877}"
EndProject
Project("{2150E333-8FDC-42A3-9474-1A3956D46DE8}") = "Solution Items", "Solution Items", "{F46F6B8B-94A3-4925-AD54-9674C3FE445C}"
	ProjectSection(SolutionItems) = preProject
		.gitignore = .gitignore
		ExampleWsCliConfig.txt = ExampleWsCliConfig.txt
		README.md = README.md
		..\..\..\ws_github.png = ..\..\..\ws_github.png
	EndProjectSection
EndProject
Project("{9A19103F-16F7-4668-BE54-9A1E7A4F7556}") = "Winstreak.Core", "Winstreak.Core\Winstreak.Core.csproj", "{CA29DB18-D7D1-4A76-ADA5-B95764A648D2}"
EndProject
Global
	GlobalSection(SolutionConfigurationPlatforms) = preSolution
		Debug|Any CPU = Debug|Any CPU
		Release|Any CPU = Release|Any CPU
	EndGlobalSection
	GlobalSection(ProjectConfigurationPlatforms) = postSolution
		{FAED5C9B-C4D6-4D7F-9BCE-9175DA0C9877}.Debug|Any CPU.ActiveCfg = Debug|Any CPU
		{FAED5C9B-C4D6-4D7F-9BCE-9175DA0C9877}.Debug|Any CPU.Build.0 = Debug|Any CPU
		{FAED5C9B-C4D6-4D7F-9BCE-9175DA0C9877}.Release|Any CPU.ActiveCfg = Release|Any CPU
		{FAED5C9B-C4D6-4D7F-9BCE-9175DA0C9877}.Release|Any CPU.Build.0 = Release|Any CPU
		{CA29DB18-D7D1-4A76-ADA5-B95764A648D2}.Debug|Any CPU.ActiveCfg = Debug|Any CPU
		{CA29DB18-D7D1-4A76-ADA5-B95764A648D2}.Debug|Any CPU.Build.0 = Debug|Any CPU
		{CA29DB18-D7D1-4A76-ADA5-B95764A648D2}.Release|Any CPU.ActiveCfg = Release|Any CPU
		{CA29DB18-D7D1-4A76-ADA5-B95764A648D2}.Release|Any CPU.Build.0 = Release|Any CPU
	EndGlobalSection
	GlobalSection(SolutionProperties) = preSolution
		HideSolutionNode = FALSE
	EndGlobalSection
	GlobalSection(ExtensibilityGlobals) = postSolution
		SolutionGuid = {30E08C59-2DD2-435B-B3B7-DC26D8C7E54F}
	EndGlobalSection
	GlobalSection(NestedProjects) = preSolution
	EndGlobalSection
EndGlobal
